// !$*UTF8*$!
{
	archiveVersion = 1;
	classes = {
	};
	objectVersion = 77;
	objects = {

/* Begin PBXBuildFile section */
		DFB692572F13863B00874A23 /* Assets.xcassets in Resources */ = {isa = PBXBuildFile; fileRef = DFB6923A2F13863B00874A23 /* Assets.xcassets */; };
/* End PBXBuildFile section */

/* Begin PBXContainerItemProxy section */
		DFB690F02F136BF400874A23 /* PBXContainerItemProxy */ = {
			isa = PBXContainerItemProxy;
			containerPortal = DFB690DA2F136BF300874A23 /* Project object */;
			proxyType = 1;
			remoteGlobalIDString = DFB690E12F136BF300874A23;
			remoteInfo = IMEIndicatorClock;
		};
		DFB690FA2F136BF400874A23 /* PBXContainerItemProxy */ = {
			isa = PBXContainerItemProxy;
			containerPortal = DFB690DA2F136BF300874A23 /* Project object */;
			proxyType = 1;
			remoteGlobalIDString = DFB690E12F136BF300874A23;
			remoteInfo = IMEIndicatorClock;
		};
/* End PBXContainerItemProxy section */

/* Begin PBXFileReference section */
		DFB690E22F136BF300874A23 /* IMEIndicatorClock.app */ = {isa = PBXFileReference; explicitFileType = wrapper.application; includeInIndex = 0; path = IMEIndicatorClock.app; sourceTree = BUILT_PRODUCTS_DIR; };
		DFB690EF2F136BF400874A23 /* IMEIndicatorClockTests.xctest */ = {isa = PBXFileReference; explicitFileType = wrapper.cfbundle; includeInIndex = 0; path = IMEIndicatorClockTests.xctest; sourceTree = BUILT_PRODUCTS_DIR; };
		DFB690F92F136BF400874A23 /* IMEIndicatorClockUITests.xctest */ = {isa = PBXFileReference; explicitFileType = wrapper.cfbundle; includeInIndex = 0; path = IMEIndicatorClockUITests.xctest; sourceTree = BUILT_PRODUCTS_DIR; };
		DFB6923A2F13863B00874A23 /* Assets.xcassets */ = {isa = PBXFileReference; lastKnownFileType = folder.assetcatalog; path = Assets.xcassets; sourceTree = "<group>"; };
		DFB6927E2F13875300874A23 /* README.md */ = {isa = PBXFileReference; lastKnownFileType = net.daringfireball.markdown; path = README.md; sourceTree = "<group>"; };
		DFB6927F2F13875300874A23 /* README_ja.md */ = {isa = PBXFileReference; lastKnownFileType = net.daringfireball.markdown; path = README_ja.md; sourceTree = "<group>"; };
		DFB692802F13875300874A23 /* README_ko.md */ = {isa = PBXFileReference; lastKnownFileType = net.daringfireball.markdown; path = README_ko.md; sourceTree = "<group>"; };
		DFB692812F13875300874A23 /* README_zh-Hans.md */ = {isa = PBXFileReference; lastKnownFileType = net.daringfireball.markdown; path = "README_zh-Hans.md"; sourceTree = "<group>"; };
		DFB692822F13875300874A23 /* README_zh-Hant.md */ = {isa = PBXFileReference; lastKnownFileType = net.daringfireball.markdown; path = "README_zh-Hant.md"; sourceTree = "<group>"; };
/* End PBXFileReference section */

/* Begin PBXFileSystemSynchronizedRootGroup section */
		DFB690E42F136BF300874A23 /* IMEIndicatorClock */ = {
			isa = PBXFileSystemSynchronizedRootGroup;
			path = IMEIndicatorClock;
			sourceTree = "<group>";
		};
		DFB690F22F136BF400874A23 /* IMEIndicatorClockTests */ = {
			isa = PBXFileSystemSynchronizedRootGroup;
			path = IMEIndicatorClockTests;
			sourceTree = "<group>";
		};
		DFB690FC2F136BF400874A23 /* IMEIndicatorClockUITests */ = {
			isa = PBXFileSystemSynchronizedRootGroup;
			path = IMEIndicatorClockUITests;
			sourceTree = "<group>";
		};
		DFB692182F13715800874A23 /* chat-logs */ = {
			isa = PBXFileSystemSynchronizedRootGroup;
			path = "chat-logs";
			sourceTree = "<group>";
		};
		DFB6927D2F13866000874A23 /* Resources */ = {
			isa = PBXFileSystemSynchronizedRootGroup;
			path = Resources;
			sourceTree = "<group>";
		};
/* End PBXFileSystemSynchronizedRootGroup section */

/* Begin PBXFrameworksBuildPhase section */
		DFB690DF2F136BF300874A23 /* Frameworks */ = {
			isa = PBXFrameworksBuildPhase;
			buildActionMask = 2147483647;
			files = (
			);
			runOnlyForDeploymentPostprocessing = 0;
		};
		DFB690EC2F136BF400874A23 /* Frameworks */ = {
			isa = PBXFrameworksBuildPhase;
			buildActionMask = 2147483647;
			files = (
			);
			runOnlyForDeploymentPostprocessing = 0;
		};
		DFB690F62F136BF400874A23 /* Frameworks */ = {
			isa = PBXFrameworksBuildPhase;
			buildActionMask = 2147483647;
			files = (
			);
			runOnlyForDeploymentPostprocessing = 0;
		};
/* End PBXFrameworksBuildPhase section */

/* Begin PBXGroup section */
		DFB690D92F136BF300874A23 = {
			isa = PBXGroup;
			children = (
				DFB6927E2F13875300874A23 /* README.md */,
				DFB6927F2F13875300874A23 /* README_ja.md */,
				DFB692802F13875300874A23 /* README_ko.md */,
				DFB692812F13875300874A23 /* README_zh-Hans.md */,
				DFB692822F13875300874A23 /* README_zh-Hant.md */,
				DFB692182F13715800874A23 /* chat-logs */,
				DFB690E42F136BF300874A23 /* IMEIndicatorClock */,
				DFB690F22F136BF400874A23 /* IMEIndicatorClockTests */,
				DFB690FC2F136BF400874A23 /* IMEIndicatorClockUITests */,
				DFB690E32F136BF300874A23 /* Products */,
				DFB6927D2F13866000874A23 /* Resources */,
			);
			sourceTree = "<group>";
		};
		DFB690E32F136BF300874A23 /* Products */ = {
			isa = PBXGroup;
			children = (
				DFB6923A2F13863B00874A23 /* Assets.xcassets */,
				DFB690E22F136BF300874A23 /* IMEIndicatorClock.app */,
				DFB690EF2F136BF400874A23 /* IMEIndicatorClockTests.xctest */,
				DFB690F92F136BF400874A23 /* IMEIndicatorClockUITests.xctest */,
			);
			name = Products;
			sourceTree = "<group>";
		};
/* End PBXGroup section */

/* Begin PBXNativeTarget section */
		DFB690E12F136BF300874A23 /* IMEIndicatorClock */ = {
			isa = PBXNativeTarget;
			buildConfigurationList = DFB691032F136BF400874A23 /* Build configuration list for PBXNativeTarget "IMEIndicatorClock" */;
			buildPhases = (
				DFB690DE2F136BF300874A23 /* Sources */,
				DFB690DF2F136BF300874A23 /* Frameworks */,
				DFB690E02F136BF300874A23 /* Resources */,
			);
			buildRules = (
			);
			dependencies = (
			);
			fileSystemSynchronizedGroups = (
				DFB690E42F136BF300874A23 /* IMEIndicatorClock */,
				DFB6927D2F13866000874A23 /* Resources */,
			);
			name = IMEIndicatorClock;
			packageProductDependencies = (
			);
			productName = IMEIndicatorClock;
			productReference = DFB690E22F136BF300874A23 /* IMEIndicatorClock.app */;
			productType = "com.apple.product-type.application";
		};
		DFB690EE2F136BF400874A23 /* IMEIndicatorClockTests */ = {
			isa = PBXNativeTarget;
			buildConfigurationList = DFB691062F136BF400874A23 /* Build configuration list for PBXNativeTarget "IMEIndicatorClockTests" */;
			buildPhases = (
				DFB690EB2F136BF400874A23 /* Sources */,
				DFB690EC2F136BF400874A23 /* Frameworks */,
				DFB690ED2F136BF400874A23 /* Resources */,
			);
			buildRules = (
			);
			dependencies = (
				DFB690F12F136BF400874A23 /* PBXTargetDependency */,
			);
			fileSystemSynchronizedGroups = (
				DFB690F22F136BF400874A23 /* IMEIndicatorClockTests */,
			);
			name = IMEIndicatorClockTests;
			packageProductDependencies = (
			);
			productName = IMEIndicatorClockTests;
			productReference = DFB690EF2F136BF400874A23 /* IMEIndicatorClockTests.xctest */;
			productType = "com.apple.product-type.bundle.unit-test";
		};
		DFB690F82F136BF400874A23 /* IMEIndicatorClockUITests */ = {
			isa = PBXNativeTarget;
			buildConfigurationList = DFB691092F136BF400874A23 /* Build configuration list for PBXNativeTarget "IMEIndicatorClockUITests" */;
			buildPhases = (
				DFB690F52F136BF400874A23 /* Sources */,
				DFB690F62F136BF400874A23 /* Frameworks */,
				DFB690F72F136BF400874A23 /* Resources */,
			);
			buildRules = (
			);
			dependencies = (
				DFB690FB2F136BF400874A23 /* PBXTargetDependency */,
			);
			fileSystemSynchronizedGroups = (
				DFB690FC2F136BF400874A23 /* IMEIndicatorClockUITests */,
			);
			name = IMEIndicatorClockUITests;
			packageProductDependencies = (
			);
			productName = IMEIndicatorClockUITests;
			productReference = DFB690F92F136BF400874A23 /* IMEIndicatorClockUITests.xctest */;
			productType = "com.apple.product-type.bundle.ui-testing";
		};
/* End PBXNativeTarget section */

/* Begin PBXProject section */
		DFB690DA2F136BF300874A23 /* Project object */ = {
			isa = PBXProject;
			attributes = {
				BuildIndependentTargetsInParallel = 1;
				LastSwiftUpdateCheck = 2620;
				LastUpgradeCheck = 2620;
				TargetAttributes = {
					DFB690E12F136BF300874A23 = {
						CreatedOnToolsVersion = 26.2;
					};
					DFB690EE2F136BF400874A23 = {
						CreatedOnToolsVersion = 26.2;
						TestTargetID = DFB690E12F136BF300874A23;
					};
					DFB690F82F136BF400874A23 = {
						CreatedOnToolsVersion = 26.2;
						TestTargetID = DFB690E12F136BF300874A23;
					};
				};
			};
			buildConfigurationList = DFB690DD2F136BF300874A23 /* Build configuration list for PBXProject "IMEIndicatorClock" */;
			developmentRegion = en;
			hasScannedForEncodings = 0;
			knownRegions = (
				en,
				Base,
				ar,
				he,
				el,
				ja,
				hi,
				th,
				vi,
				"zh-Hans",
				ru,
				"zh-Hant",
				ko,
			);
			mainGroup = DFB690D92F136BF300874A23;
			minimizedProjectReferenceProxies = 1;
			preferredProjectObjectVersion = 77;
			productRefGroup = DFB690E32F136BF300874A23 /* Products */;
			projectDirPath = "";
			projectRoot = "";
			targets = (
				DFB690E12F136BF300874A23 /* IMEIndicatorClock */,
				DFB690EE2F136BF400874A23 /* IMEIndicatorClockTests */,
				DFB690F82F136BF400874A23 /* IMEIndicatorClockUITests */,
			);
		};
/* End PBXProject section */

/* Begin PBXResourcesBuildPhase section */
		DFB690E02F136BF300874A23 /* Resources */ = {
			isa = PBXResourcesBuildPhase;
			buildActionMask = 2147483647;
			files = (
				DFB692572F13863B00874A23 /* Assets.xcassets in Resources */,
			);
			runOnlyForDeploymentPostprocessing = 0;
		};
		DFB690ED2F136BF400874A23 /* Resources */ = {
			isa = PBXResourcesBuildPhase;
			buildActionMask = 2147483647;
			files = (
			);
			runOnlyForDeploymentPostprocessing = 0;
		};
		DFB690F72F136BF400874A23 /* Resources */ = {
			isa = PBXResourcesBuildPhase;
			buildActionMask = 2147483647;
			files = (
			);
			runOnlyForDeploymentPostprocessing = 0;
		};
/* End PBXResourcesBuildPhase section */

/* Begin PBXSourcesBuildPhase section */
		DFB690DE2F136BF300874A23 /* Sources */ = {
			isa = PBXSourcesBuildPhase;
			buildActionMask = 2147483647;
			files = (
			);
			runOnlyForDeploymentPostprocessing = 0;
		};
		DFB690EB2F136BF400874A23 /* Sources */ = {
			isa = PBXSourcesBuildPhase;
			buildActionMask = 2147483647;
			files = (
			);
			runOnlyForDeploymentPostprocessing = 0;
		};
		DFB690F52F136BF400874A23 /* Sources */ = {
			isa = PBXSourcesBuildPhase;
			buildActionMask = 2147483647;
			files = (
			);
			runOnlyForDeploymentPostprocessing = 0;
		};
/* End PBXSourcesBuildPhase section */

/* Begin PBXTargetDependency section */
		DFB690F12F136BF400874A23 /* PBXTargetDependency */ = {
			isa = PBXTargetDependency;
			target = DFB690E12F136BF300874A23 /* IMEIndicatorClock */;
			targetProxy = DFB690F02F136BF400874A23 /* PBXContainerItemProxy */;
		};
		DFB690FB2F136BF400874A23 /* PBXTargetDependency */ = {
			isa = PBXTargetDependency;
			target = DFB690E12F136BF300874A23 /* IMEIndicatorClock */;
			targetProxy = DFB690FA2F136BF400874A23 /* PBXContainerItemProxy */;
		};
/* End PBXTargetDependency section */

/* Begin XCBuildConfiguration section */
		DFB691012F136BF400874A23 /* Debug */ = {
			isa = XCBuildConfiguration;
			buildSettings = {
				ALWAYS_SEARCH_USER_PATHS = NO;
				ASSETCATALOG_COMPILER_GENERATE_SWIFT_ASSET_SYMBOL_EXTENSIONS = YES;
				CLANG_ANALYZER_NONNULL = YES;
				CLANG_ANALYZER_NUMBER_OBJECT_CONVERSION = YES_AGGRESSIVE;
				CLANG_CXX_LANGUAGE_STANDARD = "gnu++20";
				CLANG_ENABLE_MODULES = YES;
				CLANG_ENABLE_OBJC_ARC = YES;
				CLANG_ENABLE_OBJC_WEAK = YES;
				CLANG_WARN_BLOCK_CAPTURE_AUTORELEASING = YES;
				CLANG_WARN_BOOL_CONVERSION = YES;
				CLANG_WARN_COMMA = YES;
				CLANG_WARN_CONSTANT_CONVERSION = YES;
				CLANG_WARN_DEPRECATED_OBJC_IMPLEMENTATIONS = YES;
				CLANG_WARN_DIRECT_OBJC_ISA_USAGE = YES_ERROR;
				CLANG_WARN_DOCUMENTATION_COMMENTS = YES;
				CLANG_WARN_EMPTY_BODY = YES;
				CLANG_WARN_ENUM_CONVERSION = YES;
				CLANG_WARN_INFINITE_RECURSION = YES;
				CLANG_WARN_INT_CONVERSION = YES;
				CLANG_WARN_NON_LITERAL_NULL_CONVERSION = YES;
				CLANG_WARN_OBJC_IMPLICIT_RETAIN_SELF = YES;
				CLANG_WARN_OBJC_LITERAL_CONVERSION = YES;
				CLANG_WARN_OBJC_ROOT_CLASS = YES_ERROR;
				CLANG_WARN_QUOTED_INCLUDE_IN_FRAMEWORK_HEADER = YES;
				CLANG_WARN_RANGE_LOOP_ANALYSIS = YES;
				CLANG_WARN_STRICT_PROTOTYPES = YES;
				CLANG_WARN_SUSPICIOUS_MOVE = YES;
				CLANG_WARN_UNGUARDED_AVAILABILITY = YES_AGGRESSIVE;
				CLANG_WARN_UNREACHABLE_CODE = YES;
				CLANG_WARN__DUPLICATE_METHOD_MATCH = YES;
				COPY_PHASE_STRIP = NO;
				DEBUG_INFORMATION_FORMAT = dwarf;
				ENABLE_STRICT_OBJC_MSGSEND = YES;
				ENABLE_TESTABILITY = YES;
				ENABLE_USER_SCRIPT_SANDBOXING = YES;
				GCC_C_LANGUAGE_STANDARD = gnu17;
				GCC_DYNAMIC_NO_PIC = NO;
				GCC_NO_COMMON_BLOCKS = YES;
				GCC_OPTIMIZATION_LEVEL = 0;
				GCC_PREPROCESSOR_DEFINITIONS = (
					"DEBUG=1",
					"$(inherited)",
				);
				GCC_WARN_64_TO_32_BIT_CONVERSION = YES;
				GCC_WARN_ABOUT_RETURN_TYPE = YES_ERROR;
				GCC_WARN_UNDECLARED_SELECTOR = YES;
				GCC_WARN_UNINITIALIZED_AUTOS = YES_AGGRESSIVE;
				GCC_WARN_UNUSED_FUNCTION = YES;
				GCC_WARN_UNUSED_VARIABLE = YES;
				LOCALIZATION_PREFERS_STRING_CATALOGS = YES;
				MACOSX_DEPLOYMENT_TARGET = 26.2;
				MTL_ENABLE_DEBUG_INFO = INCLUDE_SOURCE;
				MTL_FAST_MATH = YES;
				ONLY_ACTIVE_ARCH = YES;
				SDKROOT = macosx;
				SWIFT_ACTIVE_COMPILATION_CONDITIONS = "DEBUG $(inherited)";
				SWIFT_EMIT_LOC_STRINGS = YES;
				SWIFT_OPTIMIZATION_LEVEL = "-Onone";
			};
			name = Debug;
		};
		DFB691022F136BF400874A23 /* Release */ = {
			isa = XCBuildConfiguration;
			buildSettings = {
				ALWAYS_SEARCH_USER_PATHS = NO;
				ASSETCATALOG_COMPILER_GENERATE_SWIFT_ASSET_SYMBOL_EXTENSIONS = YES;
				CLANG_ANALYZER_NONNULL = YES;
				CLANG_ANALYZER_NUMBER_OBJECT_CONVERSION = YES_AGGRESSIVE;
				CLANG_CXX_LANGUAGE_STANDARD = "gnu++20";
				CLANG_ENABLE_MODULES = YES;
				CLANG_ENABLE_OBJC_ARC = YES;
				CLANG_ENABLE_OBJC_WEAK = YES;
				CLANG_WARN_BLOCK_CAPTURE_AUTORELEASING = YES;
				CLANG_WARN_BOOL_CONVERSION = YES;
				CLANG_WARN_COMMA = YES;
				CLANG_WARN_CONSTANT_CONVERSION = YES;
				CLANG_WARN_DEPRECATED_OBJC_IMPLEMENTATIONS = YES;
				CLANG_WARN_DIRECT_OBJC_ISA_USAGE = YES_ERROR;
				CLANG_WARN_DOCUMENTATION_COMMENTS = YES;
				CLANG_WARN_EMPTY_BODY = YES;
				CLANG_WARN_ENUM_CONVERSION = YES;
				CLANG_WARN_INFINITE_RECURSION = YES;
				CLANG_WARN_INT_CONVERSION = YES;
				CLANG_WARN_NON_LITERAL_NULL_CONVERSION = YES;
				CLANG_WARN_OBJC_IMPLICIT_RETAIN_SELF = YES;
				CLANG_WARN_OBJC_LITERAL_CONVERSION = YES;
				CLANG_WARN_OBJC_ROOT_CLASS = YES_ERROR;
				CLANG_WARN_QUOTED_INCLUDE_IN_FRAMEWORK_HEADER = YES;
				CLANG_WARN_RANGE_LOOP_ANALYSIS = YES;
				CLANG_WARN_STRICT_PROTOTYPES = YES;
				CLANG_WARN_SUSPICIOUS_MOVE = YES;
				CLANG_WARN_UNGUARDED_AVAILABILITY = YES_AGGRESSIVE;
				CLANG_WARN_UNREACHABLE_CODE = YES;
				CLANG_WARN__DUPLICATE_METHOD_MATCH = YES;
				COPY_PHASE_STRIP = NO;
				DEBUG_INFORMATION_FORMAT = "dwarf-with-dsym";
				ENABLE_NS_ASSERTIONS = NO;
				ENABLE_STRICT_OBJC_MSGSEND = YES;
				ENABLE_USER_SCRIPT_SANDBOXING = YES;
				GCC_C_LANGUAGE_STANDARD = gnu17;
				GCC_NO_COMMON_BLOCKS = YES;
				GCC_WARN_64_TO_32_BIT_CONVERSION = YES;
				GCC_WARN_ABOUT_RETURN_TYPE = YES_ERROR;
				GCC_WARN_UNDECLARED_SELECTOR = YES;
				GCC_WARN_UNINITIALIZED_AUTOS = YES_AGGRESSIVE;
				GCC_WARN_UNUSED_FUNCTION = YES;
				GCC_WARN_UNUSED_VARIABLE = YES;
				LOCALIZATION_PREFERS_STRING_CATALOGS = YES;
				MACOSX_DEPLOYMENT_TARGET = 26.2;
				MTL_ENABLE_DEBUG_INFO = NO;
				MTL_FAST_MATH = YES;
				SDKROOT = macosx;
				SWIFT_COMPILATION_MODE = wholemodule;
				SWIFT_EMIT_LOC_STRINGS = YES;
			};
			name = Release;
		};
		DFB691042F136BF400874A23 /* Debug */ = {
			isa = XCBuildConfiguration;
			buildSettings = {
				ASSETCATALOG_COMPILER_APPICON_NAME = AppIcon;
				ASSETCATALOG_COMPILER_GLOBAL_ACCENT_COLOR_NAME = AccentColor;
				CODE_SIGN_STYLE = Automatic;
				COMBINE_HIDPI_IMAGES = YES;
				CURRENT_PROJECT_VERSION = 1;
				ENABLE_APP_SANDBOX = YES;
				ENABLE_PREVIEWS = YES;
				ENABLE_USER_SELECTED_FILES = readonly;
				GENERATE_INFOPLIST_FILE = YES;
				INFOPLIST_KEY_NSHumanReadableCopyright = "";
				LD_RUNPATH_SEARCH_PATHS = (
					"$(inherited)",
					"@executable_path/../Frameworks",
				);
				MACOSX_DEPLOYMENT_TARGET = 14.6;
				MARKETING_VERSION = 1.1.1;
				PRODUCT_BUNDLE_IDENTIFIER = Obott.test.IMEIndicatorClock.debug;
				PRODUCT_NAME = "$(TARGET_NAME)";
				REGISTER_APP_GROUPS = YES;
				STRING_CATALOG_GENERATE_SYMBOLS = YES;
				SWIFT_APPROACHABLE_CONCURRENCY = YES;
				SWIFT_DEFAULT_ACTOR_ISOLATION = MainActor;
				SWIFT_EMIT_LOC_STRINGS = YES;
				SWIFT_UPCOMING_FEATURE_MEMBER_IMPORT_VISIBILITY = YES;
				SWIFT_VERSION = 5.0;
			};
			name = Debug;
		};
		DFB691052F136BF400874A23 /* Release */ = {
			isa = XCBuildConfiguration;
			buildSettings = {
				ASSETCATALOG_COMPILER_APPICON_NAME = AppIcon;
				ASSETCATALOG_COMPILER_GLOBAL_ACCENT_COLOR_NAME = AccentColor;
				CODE_SIGN_STYLE = Automatic;
				COMBINE_HIDPI_IMAGES = YES;
				CURRENT_PROJECT_VERSION = 1;
				ENABLE_APP_SANDBOX = YES;
				ENABLE_PREVIEWS = YES;
				ENABLE_USER_SELECTED_FILES = readonly;
				GENERATE_INFOPLIST_FILE = YES;
				INFOPLIST_KEY_NSHumanReadableCopyright = "";
				LD_RUNPATH_SEARCH_PATHS = (
					"$(inherited)",
					"@executable_path/../Frameworks",
				);
				MACOSX_DEPLOYMENT_TARGET = 14.6;
				MARKETING_VERSION = 1.1.1;
				PRODUCT_BUNDLE_IDENTIFIER = Obott.test.IMEIndicatorClock;
				PRODUCT_NAME = "$(TARGET_NAME)";
				REGISTER_APP_GROUPS = YES;
				STRING_CATALOG_GENERATE_SYMBOLS = YES;
				SWIFT_APPROACHABLE_CONCURRENCY = YES;
				SWIFT_DEFAULT_ACTOR_ISOLATION = MainActor;
				SWIFT_EMIT_LOC_STRINGS = YES;
				SWIFT_UPCOMING_FEATURE_MEMBER_IMPORT_VISIBILITY = YES;
				SWIFT_VERSION = 5.0;
			};
			name = Release;
		};
		DFB691072F136BF400874A23 /* Debug */ = {
			isa = XCBuildConfiguration;
			buildSettings = {
				BUNDLE_LOADER = "$(TEST_HOST)";
				CODE_SIGN_STYLE = Automatic;
				CURRENT_PROJECT_VERSION = 1;
				GENERATE_INFOPLIST_FILE = YES;
				MACOSX_DEPLOYMENT_TARGET = 26.2;
				MARKETING_VERSION = 1.1.1;
				PRODUCT_BUNDLE_IDENTIFIER = Obott.test.IMEIndicatorClockTests;
				PRODUCT_NAME = "$(TARGET_NAME)";
				STRING_CATALOG_GENERATE_SYMBOLS = NO;
				SWIFT_APPROACHABLE_CONCURRENCY = YES;
				SWIFT_EMIT_LOC_STRINGS = NO;
				SWIFT_UPCOMING_FEATURE_MEMBER_IMPORT_VISIBILITY = YES;
				SWIFT_VERSION = 5.0;
				TEST_HOST = "$(BUILT_PRODUCTS_DIR)/IMEIndicatorClock.app/$(BUNDLE_EXECUTABLE_FOLDER_PATH)/IMEIndicatorClock";
			};
			name = Debug;
		};
		DFB691082F136BF400874A23 /* Release */ = {
			isa = XCBuildConfiguration;
			buildSettings = {
				BUNDLE_LOADER = "$(TEST_HOST)";
				CODE_SIGN_STYLE = Automatic;
				CURRENT_PROJECT_VERSION = 1;
				GENERATE_INFOPLIST_FILE = YES;
				MACOSX_DEPLOYMENT_TARGET = 26.2;
				MARKETING_VERSION = 1.1.1;
				PRODUCT_BUNDLE_IDENTIFIER = Obott.test.IMEIndicatorClockTests;
				PRODUCT_NAME = "$(TARGET_NAME)";
				STRING_CATALOG_GENERATE_SYMBOLS = NO;
				SWIFT_APPROACHABLE_CONCURRENCY = YES;
				SWIFT_EMIT_LOC_STRINGS = NO;
				SWIFT_UPCOMING_FEATURE_MEMBER_IMPORT_VISIBILITY = YES;
				SWIFT_VERSION = 5.0;
				TEST_HOST = "$(BUILT_PRODUCTS_DIR)/IMEIndicatorClock.app/$(BUNDLE_EXECUTABLE_FOLDER_PATH)/IMEIndicatorClock";
			};
			name = Release;
		};
		DFB6910A2F136BF400874A23 /* Debug */ = {
			isa = XCBuildConfiguration;
			buildSettings = {
				CODE_SIGN_STYLE = Automatic;
				CURRENT_PROJECT_VERSION = 1;
				GENERATE_INFOPLIST_FILE = YES;
				MARKETING_VERSION = 1.1.1;
				PRODUCT_BUNDLE_IDENTIFIER = Obott.test.IMEIndicatorClockUITests;
				PRODUCT_NAME = "$(TARGET_NAME)";
				STRING_CATALOG_GENERATE_SYMBOLS = NO;
				SWIFT_APPROACHABLE_CONCURRENCY = YES;
				SWIFT_EMIT_LOC_STRINGS = NO;
				SWIFT_UPCOMING_FEATURE_MEMBER_IMPORT_VISIBILITY = YES;
				SWIFT_VERSION = 5.0;
				TEST_TARGET_NAME = IMEIndicatorClock;
			};
			name = Debug;
		};
		DFB6910B2F136BF400874A23 /* Release */ = {
			isa = XCBuildConfiguration;
			buildSettings = {
				CODE_SIGN_STYLE = Automatic;
				CURRENT_PROJECT_VERSION = 1;
				GENERATE_INFOPLIST_FILE = YES;
				MARKETING_VERSION = 1.1.1;
				PRODUCT_BUNDLE_IDENTIFIER = Obott.test.IMEIndicatorClockUITests;
				PRODUCT_NAME = "$(TARGET_NAME)";
				STRING_CATALOG_GENERATE_SYMBOLS = NO;
				SWIFT_APPROACHABLE_CONCURRENCY = YES;
				SWIFT_EMIT_LOC_STRINGS = NO;
				SWIFT_UPCOMING_FEATURE_MEMBER_IMPORT_VISIBILITY = YES;
				SWIFT_VERSION = 5.0;
				TEST_TARGET_NAME = IMEIndicatorClock;
			};
			name = Release;
		};
/* End XCBuildConfiguration section */

/* Begin XCConfigurationList section */
		DFB690DD2F136BF300874A23 /* Build configuration list for PBXProject "IMEIndicatorClock" */ = {
			isa = XCConfigurationList;
			buildConfigurations = (
				DFB691012F136BF400874A23 /* Debug */,
				DFB691022F136BF400874A23 /* Release */,
			);
			defaultConfigurationIsVisible = 0;
			defaultConfigurationName = Release;
		};
		DFB691032F136BF400874A23 /* Build configuration list for PBXNativeTarget "IMEIndicatorClock" */ = {
			isa = XCConfigurationList;
			buildConfigurations = (
				DFB691042F136BF400874A23 /* Debug */,
				DFB691052F136BF400874A23 /* Release */,
			);
			defaultConfigurationIsVisible = 0;
			defaultConfigurationName = Release;
		};
		DFB691062F136BF400874A23 /* Build configuration list for PBXNativeTarget "IMEIndicatorClockTests" */ = {
			isa = XCConfigurationList;
			buildConfigurations = (
				DFB691072F136BF400874A23 /* Debug */,
				DFB691082F136BF400874A23 /* Release */,
			);
			defaultConfigurationIsVisible = 0;
			defaultConfigurationName = Release;
		};
		DFB691092F136BF400874A23 /* Build configuration list for PBXNativeTarget "IMEIndicatorClockUITests" */ = {
			isa = XCConfigurationList;
			buildConfigurations = (
				DFB6910A2F136BF400874A23 /* Debug */,
				DFB6910B2F136BF400874A23 /* Release */,
			);
			defaultConfigurationIsVisible = 0;
			defaultConfigurationName = Release;
		};
/* End XCConfigurationList section */
	};
	rootObject = DFB690DA2F136BF300874A23 /* Project object */;
}
